
Microsoft Visual Studio Solution File, Format Version 12.00
# Visual Studio Version 16
VisualStudioVersion = 16.0.31019.35
MinimumVisualStudioVersion = 10.0.40219.1
Project("{FAE04EC0-301F-11D3-BF4B-00C04F79EFBC}") = "StarDB", "StarDB\StarDB.csproj", "{6EEF5F3E-475E-4B1D-AC8A-CAF1A5D1BFF6}"
EndProject
Global
	GlobalSection(SolutionConfigurationPlatforms) = preSolution
		Debug|Any CPU = Debug|Any CPU
		Release|Any CPU = Release|Any CPU
	EndGlobalSection
	GlobalSection(ProjectConfigurationPlatforms) = postSolution
		{6EEF5F3E-475E-4B1D-AC8A-CAF1A5D1BFF6}.Debug|Any CPU.ActiveCfg = Debug|Any CPU
		{6EEF5F3E-475E-4B1D-AC8A-CAF1A5D1BFF6}.Debug|Any CPU.Build.0 = Debug|Any CPU
		{6EEF5F3E-475E-4B1D-AC8A-CAF1A5D1BFF6}.Release|Any CPU.ActiveCfg = Release|Any CPU
		{6EEF5F3E-475E-4B1D-AC8A-CAF1A5D1BFF6}.Release|Any CPU.Build.0 = Release|Any CPU
	EndGlobalSection
	GlobalSection(SolutionProperties) = preSolution
		HideSolutionNode = FALSE
	EndGlobalSection
	GlobalSection(ExtensibilityGlobals) = postSolution
		SolutionGuid = {A172A3F6-9051-4A8B-8652-907F4C697D52}
	EndGlobalSection
EndGlobal
